
Microsoft Visual Studio Solution File, Format Version 12.00
# Visual Studio Version 17
VisualStudioVersion = 17.0.32014.148
MinimumVisualStudioVersion = 10.0.40219.1
Project("{FAE04EC0-301F-11D3-BF4B-00C04F79EFBC}") = "rpg", "rpg\rpg.csproj", "{C885052B-30A7-41A9-A606-B9DB925A6145}"
EndProject
Global
	GlobalSection(SolutionConfigurationPlatforms) = preSolution
		Debug|Any CPU = Debug|Any CPU
		Release|Any CPU = Release|Any CPU
	EndGlobalSection
	GlobalSection(ProjectConfigurationPlatforms) = postSolution
		{C885052B-30A7-41A9-A606-B9DB925A6145}.Debug|Any CPU.ActiveCfg = Debug|Any CPU
		{C885052B-30A7-41A9-A606-B9DB925A6145}.Debug|Any CPU.Build.0 = Debug|Any CPU
		{C885052B-30A7-41A9-A606-B9DB925A6145}.Release|Any CPU.ActiveCfg = Release|Any CPU
		{C885052B-30A7-41A9-A606-B9DB925A6145}.Release|Any CPU.Build.0 = Release|Any CPU
	EndGlobalSection
	GlobalSection(SolutionProperties) = preSolution
		HideSolutionNode = FALSE
	EndGlobalSection
	GlobalSection(ExtensibilityGlobals) = postSolution
		SolutionGuid = {2A4BF5DD-DE51-4E4E-8921-3D9798C7B788}
	EndGlobalSection
EndGlobal
